Microsoft Visual Studio Solution File, Format Version 12.00
# Visual Studio Version 16
VisualStudioVersion = 16.0.30926.220
MinimumVisualStudioVersion = 10.0.40219.1
Project("{9A19103F-16F7-4668-BE54-9A1E7A4F7556}") = "Core-net6", "src\Core\src\Core-net6.csproj", "{95BA42B5-B00E-4986-B9B5-517140378452}"
EndProject
Project("{2150E333-8FDC-42A3-9474-1A3956D46DE8}") = "Files", "Files", "{449F6071-A74F-4309-8D7B-7038CFD1B17B}"
	ProjectSection(SolutionItems) = preProject
		.nuspec\Microsoft.Maui.Controls.MultiTargeting.targets = .nuspec\Microsoft.Maui.Controls.MultiTargeting.targets
		README.md = README.md
	EndProjectSection
EndProject
Project("{9A19103F-16F7-4668-BE54-9A1E7A4F7556}") = "Controls.Core-net6", "src\Controls\src\Core\Controls.Core-net6.csproj", "{AF64451F-E2BD-41C2-B083-F60C26AE2A9F}"
EndProject
Project("{9A19103F-16F7-4668-BE54-9A1E7A4F7556}") = "Compatibility-net6", "src\Compatibility\Core\src\Compatibility-net6.csproj", "{00A11C2F-969F-4964-8557-91ADF4B1523D}"
EndProject
Project("{9A19103F-16F7-4668-BE54-9A1E7A4F7556}") = "Compatibility.Android.FormsViewGroup-net6", "src\Compatibility\Core\src\Android.FormsViewGroup\Compatibility.Android.FormsViewGroup-net6.csproj", "{EB956381-F3E6-437C-9069-36B8BF5C6E2F}"
EndProject
Project("{2150E333-8FDC-42A3-9474-1A3956D46DE8}") = "Controls", "Controls", "{459BF674-83CB-46F6-881F-A2D2117DBF4D}"
EndProject
Project("{2150E333-8FDC-42A3-9474-1A3956D46DE8}") = "samples", "samples", "{E1082E26-D700-4127-9329-66D673FD2D55}"
EndProject
Project("{9A19103F-16F7-4668-BE54-9A1E7A4F7556}") = "Maui.Controls.Sample-net6", "src\Controls\samples\Controls.Sample\Maui.Controls.Sample-net6.csproj", "{B8DC1324-977C-46F1-B697-9064ADE6099A}"
EndProject
Project("{9A19103F-16F7-4668-BE54-9A1E7A4F7556}") = "Maui.Controls.Sample.Droid-net6", "src\Controls\samples\Controls.Sample.Droid\Maui.Controls.Sample.Droid-net6.csproj", "{BE50FAEF-4096-48B5-B9CE-EE0C38F15A18}"
EndProject
Project("{9A19103F-16F7-4668-BE54-9A1E7A4F7556}") = "Maui.Controls.Sample.iOS-net6", "src\Controls\samples\Controls.Sample.iOS\Maui.Controls.Sample.iOS-net6.csproj", "{1C3439E6-73D7-4F8E-A64A-5448F5CB18DE}"
EndProject
Project("{9A19103F-16F7-4668-BE54-9A1E7A4F7556}") = "Maui.Controls.Sample.MacCatalyst-net6", "src\Controls\samples\Controls.Sample.MacCatalyst\Maui.Controls.Sample.MacCatalyst-net6.csproj", "{D7FE9FD0-144A-4199-93FC-3AD62325F1D6}"
EndProject
Project("{9A19103F-16F7-4668-BE54-9A1E7A4F7556}") = "Maui.Controls.Sample.SingleProject", "src\Controls\samples\Controls.Sample.SingleProject\Maui.Controls.Sample.SingleProject.csproj", "{CB495F62-CFE6-4975-AED8-F26B6C5D0113}"
EndProject
Project("{2150E333-8FDC-42A3-9474-1A3956D46DE8}") = "Compatibility", "Compatibility", "{123AA89E-1638-4E0E-B828-B8F9F9F906A2}"
EndProject
Project("{2150E333-8FDC-42A3-9474-1A3956D46DE8}") = "Core", "Core", "{09C264E9-E3F3-4586-9151-DCBB1F6DA7AB}"
EndProject
Project("{9A19103F-16F7-4668-BE54-9A1E7A4F7556}") = "Controls.Build.Tasks-net6", "src\Controls\src\Build.Tasks\Controls.Build.Tasks-net6.csproj", "{75C380E0-CE53-4C01-B89F-CF685331DE18}"
EndProject
Project("{2150E333-8FDC-42A3-9474-1A3956D46DE8}") = "Essentials", "Essentials", "{94F3C036-A5F4-4ACC-A028-8506802ADB88}"
EndProject
Project("{9A19103F-16F7-4668-BE54-9A1E7A4F7556}") = "Essentials-net6", "src\Essentials\src\Essentials-net6.csproj", "{39B47A3C-21CA-4B28-9250-14FD957EB0FC}"
EndProject
Project("{2150E333-8FDC-42A3-9474-1A3956D46DE8}") = "SingleProject", "SingleProject", "{D5478E0A-5D9C-4C1F-980C-7A9FC71F925E}"
EndProject
Project("{9A19103F-16F7-4668-BE54-9A1E7A4F7556}") = "Resizetizer", "src\SingleProject\Resizetizer\src\Resizetizer.csproj", "{9909F93F-C085-4F76-B92A-5D8C516BF47D}"
EndProject
Project("{9A19103F-16F7-4668-BE54-9A1E7A4F7556}") = "Package-net6", "src\Package\Package-net6.csproj", "{5BEB3326-79B4-438C-BF65-274202F387EC}"
EndProject
Project("{9A19103F-16F7-4668-BE54-9A1E7A4F7556}") = "Controls.Xaml-net6", "src\Controls\src\Xaml\Controls.Xaml-net6.csproj", "{CC3D4667-D94E-4276-9311-6439BFD075E4}"
EndProject
Project("{9A19103F-16F7-4668-BE54-9A1E7A4F7556}") = "Microsoft.Maui.Templates", "src\Templates\src\Microsoft.Maui.Templates.csproj", "{DAAC2822-63B6-4DE0-83AE-04873CD2F364}"
EndProject
Project("{2150E333-8FDC-42A3-9474-1A3956D46DE8}") = "TestUtils", "TestUtils", "{6998CAA1-11D4-46B2-B80F-0AC882F58124}"
EndProject
Project("{9A19103F-16F7-4668-BE54-9A1E7A4F7556}") = "TestUtils", "src\TestUtils\TestUtils\src\TestUtils.csproj", "{FBB3270F-1924-4A72-845E-A6DF39C402F6}"
EndProject
Project("{9A19103F-16F7-4668-BE54-9A1E7A4F7556}") = "Core.UnitTests", "src\Core\tests\UnitTests\Core.UnitTests.csproj", "{92644F6F-5946-48FC-A21A-A3D6EE24E8B3}"
EndProject
Project("{2150E333-8FDC-42A3-9474-1A3956D46DE8}") = "src", "src", "{E8AD265B-3C67-4640-AC58-A522F9FB3361}"
EndProject
Project("{2150E333-8FDC-42A3-9474-1A3956D46DE8}") = "test", "test", "{C564DDD6-DE79-45CD-88EA-3F690481572A}"
EndProject
Project("{2150E333-8FDC-42A3-9474-1A3956D46DE8}") = "src", "src", "{50C758FE-4E10-409A-94F5-A75480960864}"
EndProject
Project("{2150E333-8FDC-42A3-9474-1A3956D46DE8}") = "Templates", "Templates", "{72397ADB-40A8-4B8E-8E08-2DBE2803C845}"
EndProject
Project("{2150E333-8FDC-42A3-9474-1A3956D46DE8}") = "BlazorWebView", "BlazorWebView", "{1614D1A4-5C3D-4D5B-8C89-426E37A564EF}"
EndProject
Project("{9A19103F-16F7-4668-BE54-9A1E7A4F7556}") = "Microsoft.AspNetCore.Components.WebView.Maui", "src\BlazorWebView\src\core\Microsoft.AspNetCore.Components.WebView.Maui.csproj", "{F7F2B379-52CE-4802-9EC9-0D7967B6BFB7}"
EndProject
Project("{9A19103F-16F7-4668-BE54-9A1E7A4F7556}") = "Controls.Core.Design-net6", "src\Controls\src\Core.Design\Controls.Core.Design-net6.csproj", "{F2A419ED-B18E-4075-9969-536C2EC67F82}"
EndProject
Project("{9A19103F-16F7-4668-BE54-9A1E7A4F7556}") = "Controls.Xaml.Design-net6", "src\Controls\src\Xaml.Design\Controls.Xaml.Design-net6.csproj", "{F9AEE4C0-9E67-4B87-932E-26EDF0FC932A}"
EndProject
Project("{9A19103F-16F7-4668-BE54-9A1E7A4F7556}") = "MauiRazorClassLibrarySample", "src\BlazorWebView\samples\MauiRazorClassLibrarySample\MauiRazorClassLibrarySample.csproj", "{4515DAA4-9801-401D-A7A0-38D019B3B19F}"
EndProject
Project("{9A19103F-16F7-4668-BE54-9A1E7A4F7556}") = "Compatibility.ControlGallery.Android-net6", "src\Compatibility\ControlGallery\src\Android\Compatibility.ControlGallery.Android-net6.csproj", "{F50F837B-2358-4A3F-8891-0E93BC9D2335}"
EndProject
Project("{9A19103F-16F7-4668-BE54-9A1E7A4F7556}") = "Compatibility.Maps.Android-net6", "src\Compatibility\Maps\src\Android\Compatibility.Maps.Android-net6.csproj", "{BB95C5B8-9003-4AA6-B856-CB40DCBD7B35}"
EndProject
Project("{9A19103F-16F7-4668-BE54-9A1E7A4F7556}") = "Controls.Maps-net6", "src\Controls\Maps\src\Controls.Maps-net6.csproj", "{C85AB002-DC6D-455F-9C04-1F286D38FFD0}"
EndProject
Project("{9A19103F-16F7-4668-BE54-9A1E7A4F7556}") = "Controls.CustomAttributes", "src\Controls\tests\CustomAttributes\Controls.CustomAttributes.csproj", "{BC6051C3-4779-48EC-868A-D8F3C5B11E21}"
EndProject
Project("{2150E333-8FDC-42A3-9474-1A3956D46DE8}") = "ControlGallery", "ControlGallery", "{0B10E8E9-9A7F-4DD2-889D-0618CCD404D5}"
EndProject
Project("{2150E333-8FDC-42A3-9474-1A3956D46DE8}") = "src", "src", "{2BC04A1C-A77D-470F-8AA6-1B232EECB6CC}"
EndProject
Project("{2150E333-8FDC-42A3-9474-1A3956D46DE8}") = "test", "test", "{F339C269-B7E2-4D97-9F55-56FED058FDBE}"
EndProject
Project("{2150E333-8FDC-42A3-9474-1A3956D46DE8}") = "Maps", "Maps", "{67B14191-F43F-4B09-B6D6-5F2E707A1345}"
EndProject
Project("{2150E333-8FDC-42A3-9474-1A3956D46DE8}") = "src", "src", "{902A0EB9-ED4E-4099-8D2C-92D5C171BA68}"
EndProject
Project("{2150E333-8FDC-42A3-9474-1A3956D46DE8}") = "Controls", "Controls", "{2DBC4528-61CB-41C4-900C-6CC1F61929D0}"
EndProject
Project("{2150E333-8FDC-42A3-9474-1A3956D46DE8}") = "src", "src", "{859C9263-88C7-4BC8-BAE1-8DFB05911437}"
EndProject
Project("{2150E333-8FDC-42A3-9474-1A3956D46DE8}") = "test", "test", "{5BD82E36-9D92-441E-9574-8DBDE9317AE8}"
EndProject
Project("{9A19103F-16F7-4668-BE54-9A1E7A4F7556}") = "Compatibility.Android.AppLinks-net6", "src\Compatibility\Core\src\Android.AppLinks\Compatibility.Android.AppLinks-net6.csproj", "{08BF7B84-6B86-42F1-ADB1-8130DAF939AF}"
EndProject
Project("{FAE04EC0-301F-11D3-BF4B-00C04F79EFBC}") = "Compatibility.Android.UnitTests-net6", "src\Compatibility\Core\tests\Android\Compatibility.Android.UnitTests-net6.csproj", "{A4C57790-71D1-467C-A69E-2BD84CB6666C}"
EndProject
Project("{9A19103F-16F7-4668-BE54-9A1E7A4F7556}") = "Compatibility.ControlGallery.Core-net6", "src\Compatibility\ControlGallery\src\Core\Compatibility.ControlGallery.Core-net6.csproj", "{DFA1F15F-AC89-472C-97FD-58D3B656996B}"
EndProject
Project("{D954291E-2A0B-460D-934E-DC6B0785DB48}") = "Compatibility.ControlGallery.Issues.Shared", "src\Compatibility\ControlGallery\src\Issues.Shared\Compatibility.ControlGallery.Issues.Shared.shproj", "{AE2513CB-4E5E-4E5C-8237-88954D4C9433}"
EndProject
Global
	GlobalSection(SharedMSBuildProjectFiles) = preSolution
		src\Compatibility\ControlGallery\src\Issues.Shared\Compatibility.ControlGallery.Issues.Shared.projitems*{ae2513cb-4e5e-4e5c-8237-88954d4c9433}*SharedItemsImports = 13
		src\Compatibility\ControlGallery\src\Issues.Shared\Compatibility.ControlGallery.Issues.Shared.projitems*{dfa1f15f-ac89-472c-97fd-58d3b656996b}*SharedItemsImports = 5
	EndGlobalSection
	GlobalSection(SolutionConfigurationPlatforms) = preSolution
		Debug|Any CPU = Debug|Any CPU
		Release|Any CPU = Release|Any CPU
	EndGlobalSection
	GlobalSection(ProjectConfigurationPlatforms) = postSolution
		{95BA42B5-B00E-4986-B9B5-517140378452}.Debug|Any CPU.ActiveCfg = Debug|Any CPU
		{95BA42B5-B00E-4986-B9B5-517140378452}.Debug|Any CPU.Build.0 = Debug|Any CPU
		{95BA42B5-B00E-4986-B9B5-517140378452}.Release|Any CPU.ActiveCfg = Release|Any CPU
		{95BA42B5-B00E-4986-B9B5-517140378452}.Release|Any CPU.Build.0 = Release|Any CPU
		{AF64451F-E2BD-41C2-B083-F60C26AE2A9F}.Debug|Any CPU.ActiveCfg = Debug|Any CPU
		{AF64451F-E2BD-41C2-B083-F60C26AE2A9F}.Debug|Any CPU.Build.0 = Debug|Any CPU
		{AF64451F-E2BD-41C2-B083-F60C26AE2A9F}.Release|Any CPU.ActiveCfg = Release|Any CPU
		{AF64451F-E2BD-41C2-B083-F60C26AE2A9F}.Release|Any CPU.Build.0 = Release|Any CPU
		{00A11C2F-969F-4964-8557-91ADF4B1523D}.Debug|Any CPU.ActiveCfg = Debug|Any CPU
		{00A11C2F-969F-4964-8557-91ADF4B1523D}.Debug|Any CPU.Build.0 = Debug|Any CPU
		{00A11C2F-969F-4964-8557-91ADF4B1523D}.Release|Any CPU.ActiveCfg = Release|Any CPU
		{00A11C2F-969F-4964-8557-91ADF4B1523D}.Release|Any CPU.Build.0 = Release|Any CPU
		{EB956381-F3E6-437C-9069-36B8BF5C6E2F}.Debug|Any CPU.ActiveCfg = Debug|Any CPU
		{EB956381-F3E6-437C-9069-36B8BF5C6E2F}.Debug|Any CPU.Build.0 = Debug|Any CPU
		{EB956381-F3E6-437C-9069-36B8BF5C6E2F}.Release|Any CPU.ActiveCfg = Release|Any CPU
		{EB956381-F3E6-437C-9069-36B8BF5C6E2F}.Release|Any CPU.Build.0 = Release|Any CPU
		{B8DC1324-977C-46F1-B697-9064ADE6099A}.Debug|Any CPU.ActiveCfg = Debug|Any CPU
		{B8DC1324-977C-46F1-B697-9064ADE6099A}.Debug|Any CPU.Build.0 = Debug|Any CPU
		{B8DC1324-977C-46F1-B697-9064ADE6099A}.Release|Any CPU.ActiveCfg = Release|Any CPU
		{B8DC1324-977C-46F1-B697-9064ADE6099A}.Release|Any CPU.Build.0 = Release|Any CPU
		{BE50FAEF-4096-48B5-B9CE-EE0C38F15A18}.Debug|Any CPU.ActiveCfg = Debug|Any CPU
		{BE50FAEF-4096-48B5-B9CE-EE0C38F15A18}.Debug|Any CPU.Build.0 = Debug|Any CPU
		{BE50FAEF-4096-48B5-B9CE-EE0C38F15A18}.Debug|Any CPU.Deploy.0 = Debug|Any CPU
		{BE50FAEF-4096-48B5-B9CE-EE0C38F15A18}.Release|Any CPU.ActiveCfg = Release|Any CPU
		{BE50FAEF-4096-48B5-B9CE-EE0C38F15A18}.Release|Any CPU.Build.0 = Release|Any CPU
		{1C3439E6-73D7-4F8E-A64A-5448F5CB18DE}.Debug|Any CPU.ActiveCfg = Debug|Any CPU
		{1C3439E6-73D7-4F8E-A64A-5448F5CB18DE}.Debug|Any CPU.Build.0 = Debug|Any CPU
		{1C3439E6-73D7-4F8E-A64A-5448F5CB18DE}.Debug|Any CPU.Deploy.0 = Debug|Any CPU
		{1C3439E6-73D7-4F8E-A64A-5448F5CB18DE}.Release|Any CPU.ActiveCfg = Release|Any CPU
		{1C3439E6-73D7-4F8E-A64A-5448F5CB18DE}.Release|Any CPU.Build.0 = Release|Any CPU
		{D7FE9FD0-144A-4199-93FC-3AD62325F1D6}.Debug|Any CPU.ActiveCfg = Debug|Any CPU
		{D7FE9FD0-144A-4199-93FC-3AD62325F1D6}.Debug|Any CPU.Build.0 = Debug|Any CPU
		{D7FE9FD0-144A-4199-93FC-3AD62325F1D6}.Release|Any CPU.ActiveCfg = Release|Any CPU
		{D7FE9FD0-144A-4199-93FC-3AD62325F1D6}.Release|Any CPU.Build.0 = Release|Any CPU
		{CB495F62-CFE6-4975-AED8-F26B6C5D0113}.Debug|Any CPU.ActiveCfg = Debug|Any CPU
		{CB495F62-CFE6-4975-AED8-F26B6C5D0113}.Debug|Any CPU.Build.0 = Debug|Any CPU
		{CB495F62-CFE6-4975-AED8-F26B6C5D0113}.Debug|Any CPU.Deploy.0 = Debug|Any CPU
		{CB495F62-CFE6-4975-AED8-F26B6C5D0113}.Release|Any CPU.ActiveCfg = Release|Any CPU
		{CB495F62-CFE6-4975-AED8-F26B6C5D0113}.Release|Any CPU.Build.0 = Release|Any CPU
		{75C380E0-CE53-4C01-B89F-CF685331DE18}.Debug|Any CPU.ActiveCfg = Debug|Any CPU
		{75C380E0-CE53-4C01-B89F-CF685331DE18}.Debug|Any CPU.Build.0 = Debug|Any CPU
		{75C380E0-CE53-4C01-B89F-CF685331DE18}.Release|Any CPU.ActiveCfg = Release|Any CPU
		{75C380E0-CE53-4C01-B89F-CF685331DE18}.Release|Any CPU.Build.0 = Release|Any CPU
		{39B47A3C-21CA-4B28-9250-14FD957EB0FC}.Debug|Any CPU.ActiveCfg = Debug|Any CPU
		{39B47A3C-21CA-4B28-9250-14FD957EB0FC}.Debug|Any CPU.Build.0 = Debug|Any CPU
		{39B47A3C-21CA-4B28-9250-14FD957EB0FC}.Release|Any CPU.ActiveCfg = Release|Any CPU
		{39B47A3C-21CA-4B28-9250-14FD957EB0FC}.Release|Any CPU.Build.0 = Release|Any CPU
		{9909F93F-C085-4F76-B92A-5D8C516BF47D}.Debug|Any CPU.ActiveCfg = Debug|Any CPU
		{9909F93F-C085-4F76-B92A-5D8C516BF47D}.Debug|Any CPU.Build.0 = Debug|Any CPU
		{9909F93F-C085-4F76-B92A-5D8C516BF47D}.Release|Any CPU.ActiveCfg = Release|Any CPU
		{9909F93F-C085-4F76-B92A-5D8C516BF47D}.Release|Any CPU.Build.0 = Release|Any CPU
		{5BEB3326-79B4-438C-BF65-274202F387EC}.Debug|Any CPU.ActiveCfg = Debug|Any CPU
		{5BEB3326-79B4-438C-BF65-274202F387EC}.Debug|Any CPU.Build.0 = Debug|Any CPU
		{5BEB3326-79B4-438C-BF65-274202F387EC}.Release|Any CPU.ActiveCfg = Release|Any CPU
		{5BEB3326-79B4-438C-BF65-274202F387EC}.Release|Any CPU.Build.0 = Release|Any CPU
		{CC3D4667-D94E-4276-9311-6439BFD075E4}.Debug|Any CPU.ActiveCfg = Debug|Any CPU
		{CC3D4667-D94E-4276-9311-6439BFD075E4}.Debug|Any CPU.Build.0 = Debug|Any CPU
		{CC3D4667-D94E-4276-9311-6439BFD075E4}.Release|Any CPU.ActiveCfg = Release|Any CPU
		{CC3D4667-D94E-4276-9311-6439BFD075E4}.Release|Any CPU.Build.0 = Release|Any CPU
		{DAAC2822-63B6-4DE0-83AE-04873CD2F364}.Debug|Any CPU.ActiveCfg = Debug|Any CPU
		{DAAC2822-63B6-4DE0-83AE-04873CD2F364}.Debug|Any CPU.Build.0 = Debug|Any CPU
		{DAAC2822-63B6-4DE0-83AE-04873CD2F364}.Release|Any CPU.ActiveCfg = Release|Any CPU
		{DAAC2822-63B6-4DE0-83AE-04873CD2F364}.Release|Any CPU.Build.0 = Release|Any CPU
		{FBB3270F-1924-4A72-845E-A6DF39C402F6}.Debug|Any CPU.ActiveCfg = Debug|Any CPU
		{FBB3270F-1924-4A72-845E-A6DF39C402F6}.Debug|Any CPU.Build.0 = Debug|Any CPU
		{FBB3270F-1924-4A72-845E-A6DF39C402F6}.Release|Any CPU.ActiveCfg = Release|Any CPU
		{FBB3270F-1924-4A72-845E-A6DF39C402F6}.Release|Any CPU.Build.0 = Release|Any CPU
		{92644F6F-5946-48FC-A21A-A3D6EE24E8B3}.Debug|Any CPU.ActiveCfg = Debug|Any CPU
		{92644F6F-5946-48FC-A21A-A3D6EE24E8B3}.Debug|Any CPU.Build.0 = Debug|Any CPU
		{92644F6F-5946-48FC-A21A-A3D6EE24E8B3}.Release|Any CPU.ActiveCfg = Release|Any CPU
		{92644F6F-5946-48FC-A21A-A3D6EE24E8B3}.Release|Any CPU.Build.0 = Release|Any CPU
		{F7F2B379-52CE-4802-9EC9-0D7967B6BFB7}.Debug|Any CPU.ActiveCfg = Debug|Any CPU
		{F7F2B379-52CE-4802-9EC9-0D7967B6BFB7}.Debug|Any CPU.Build.0 = Debug|Any CPU
		{F7F2B379-52CE-4802-9EC9-0D7967B6BFB7}.Release|Any CPU.ActiveCfg = Release|Any CPU
		{F7F2B379-52CE-4802-9EC9-0D7967B6BFB7}.Release|Any CPU.Build.0 = Release|Any CPU
		{F2A419ED-B18E-4075-9969-536C2EC67F82}.Debug|Any CPU.ActiveCfg = Debug|Any CPU
		{F2A419ED-B18E-4075-9969-536C2EC67F82}.Debug|Any CPU.Build.0 = Debug|Any CPU
		{F2A419ED-B18E-4075-9969-536C2EC67F82}.Release|Any CPU.ActiveCfg = Release|Any CPU
		{F2A419ED-B18E-4075-9969-536C2EC67F82}.Release|Any CPU.Build.0 = Release|Any CPU
		{F9AEE4C0-9E67-4B87-932E-26EDF0FC932A}.Debug|Any CPU.ActiveCfg = Debug|Any CPU
		{F9AEE4C0-9E67-4B87-932E-26EDF0FC932A}.Debug|Any CPU.Build.0 = Debug|Any CPU
		{F9AEE4C0-9E67-4B87-932E-26EDF0FC932A}.Release|Any CPU.ActiveCfg = Release|Any CPU
		{F9AEE4C0-9E67-4B87-932E-26EDF0FC932A}.Release|Any CPU.Build.0 = Release|Any CPU
		{4515DAA4-9801-401D-A7A0-38D019B3B19F}.Debug|Any CPU.ActiveCfg = Debug|Any CPU
		{4515DAA4-9801-401D-A7A0-38D019B3B19F}.Debug|Any CPU.Build.0 = Debug|Any CPU
		{4515DAA4-9801-401D-A7A0-38D019B3B19F}.Release|Any CPU.ActiveCfg = Release|Any CPU
		{4515DAA4-9801-401D-A7A0-38D019B3B19F}.Release|Any CPU.Build.0 = Release|Any CPU
		{F50F837B-2358-4A3F-8891-0E93BC9D2335}.Debug|Any CPU.ActiveCfg = Debug|Any CPU
		{F50F837B-2358-4A3F-8891-0E93BC9D2335}.Debug|Any CPU.Build.0 = Debug|Any CPU
		{F50F837B-2358-4A3F-8891-0E93BC9D2335}.Debug|Any CPU.Deploy.0 = Debug|Any CPU
		{F50F837B-2358-4A3F-8891-0E93BC9D2335}.Release|Any CPU.ActiveCfg = Release|Any CPU
		{F50F837B-2358-4A3F-8891-0E93BC9D2335}.Release|Any CPU.Build.0 = Release|Any CPU
		{F50F837B-2358-4A3F-8891-0E93BC9D2335}.Release|Any CPU.Deploy.0 = Release|Any CPU
		{BB95C5B8-9003-4AA6-B856-CB40DCBD7B35}.Debug|Any CPU.ActiveCfg = Debug|Any CPU
		{BB95C5B8-9003-4AA6-B856-CB40DCBD7B35}.Debug|Any CPU.Build.0 = Debug|Any CPU
		{BB95C5B8-9003-4AA6-B856-CB40DCBD7B35}.Release|Any CPU.ActiveCfg = Release|Any CPU
		{BB95C5B8-9003-4AA6-B856-CB40DCBD7B35}.Release|Any CPU.Build.0 = Release|Any CPU
		{C85AB002-DC6D-455F-9C04-1F286D38FFD0}.Debug|Any CPU.ActiveCfg = Debug|Any CPU
		{C85AB002-DC6D-455F-9C04-1F286D38FFD0}.Debug|Any CPU.Build.0 = Debug|Any CPU
		{C85AB002-DC6D-455F-9C04-1F286D38FFD0}.Release|Any CPU.ActiveCfg = Release|Any CPU
		{C85AB002-DC6D-455F-9C04-1F286D38FFD0}.Release|Any CPU.Build.0 = Release|Any CPU
		{BC6051C3-4779-48EC-868A-D8F3C5B11E21}.Debug|Any CPU.ActiveCfg = Debug|Any CPU
		{BC6051C3-4779-48EC-868A-D8F3C5B11E21}.Debug|Any CPU.Build.0 = Debug|Any CPU
		{BC6051C3-4779-48EC-868A-D8F3C5B11E21}.Release|Any CPU.ActiveCfg = Release|Any CPU
		{BC6051C3-4779-48EC-868A-D8F3C5B11E21}.Release|Any CPU.Build.0 = Release|Any CPU
		{08BF7B84-6B86-42F1-ADB1-8130DAF939AF}.Debug|Any CPU.ActiveCfg = Debug|Any CPU
		{08BF7B84-6B86-42F1-ADB1-8130DAF939AF}.Debug|Any CPU.Build.0 = Debug|Any CPU
		{08BF7B84-6B86-42F1-ADB1-8130DAF939AF}.Release|Any CPU.ActiveCfg = Release|Any CPU
		{08BF7B84-6B86-42F1-ADB1-8130DAF939AF}.Release|Any CPU.Build.0 = Release|Any CPU
		{A4C57790-71D1-467C-A69E-2BD84CB6666C}.Debug|Any CPU.ActiveCfg = Debug|Any CPU
		{A4C57790-71D1-467C-A69E-2BD84CB6666C}.Debug|Any CPU.Build.0 = Debug|Any CPU
		{A4C57790-71D1-467C-A69E-2BD84CB6666C}.Release|Any CPU.ActiveCfg = Release|Any CPU
		{A4C57790-71D1-467C-A69E-2BD84CB6666C}.Release|Any CPU.Build.0 = Release|Any CPU
		{DFA1F15F-AC89-472C-97FD-58D3B656996B}.Debug|Any CPU.ActiveCfg = Debug|Any CPU
		{DFA1F15F-AC89-472C-97FD-58D3B656996B}.Debug|Any CPU.Build.0 = Debug|Any CPU
		{DFA1F15F-AC89-472C-97FD-58D3B656996B}.Release|Any CPU.ActiveCfg = Release|Any CPU
		{DFA1F15F-AC89-472C-97FD-58D3B656996B}.Release|Any CPU.Build.0 = Release|Any CPU
	EndGlobalSection
	GlobalSection(SolutionProperties) = preSolution
		HideSolutionNode = FALSE
	EndGlobalSection
	GlobalSection(NestedProjects) = preSolution
		{95BA42B5-B00E-4986-B9B5-517140378452} = {E8AD265B-3C67-4640-AC58-A522F9FB3361}
		{AF64451F-E2BD-41C2-B083-F60C26AE2A9F} = {859C9263-88C7-4BC8-BAE1-8DFB05911437}
		{00A11C2F-969F-4964-8557-91ADF4B1523D} = {902A0EB9-ED4E-4099-8D2C-92D5C171BA68}
		{EB956381-F3E6-437C-9069-36B8BF5C6E2F} = {902A0EB9-ED4E-4099-8D2C-92D5C171BA68}
		{E1082E26-D700-4127-9329-66D673FD2D55} = {459BF674-83CB-46F6-881F-A2D2117DBF4D}
		{B8DC1324-977C-46F1-B697-9064ADE6099A} = {E1082E26-D700-4127-9329-66D673FD2D55}
		{BE50FAEF-4096-48B5-B9CE-EE0C38F15A18} = {E1082E26-D700-4127-9329-66D673FD2D55}
		{1C3439E6-73D7-4F8E-A64A-5448F5CB18DE} = {E1082E26-D700-4127-9329-66D673FD2D55}
		{D7FE9FD0-144A-4199-93FC-3AD62325F1D6} = {E1082E26-D700-4127-9329-66D673FD2D55}
		{CB495F62-CFE6-4975-AED8-F26B6C5D0113} = {E1082E26-D700-4127-9329-66D673FD2D55}
		{123AA89E-1638-4E0E-B828-B8F9F9F906A2} = {459BF674-83CB-46F6-881F-A2D2117DBF4D}
		{75C380E0-CE53-4C01-B89F-CF685331DE18} = {859C9263-88C7-4BC8-BAE1-8DFB05911437}
		{39B47A3C-21CA-4B28-9250-14FD957EB0FC} = {94F3C036-A5F4-4ACC-A028-8506802ADB88}
		{9909F93F-C085-4F76-B92A-5D8C516BF47D} = {D5478E0A-5D9C-4C1F-980C-7A9FC71F925E}
		{CC3D4667-D94E-4276-9311-6439BFD075E4} = {859C9263-88C7-4BC8-BAE1-8DFB05911437}
		{DAAC2822-63B6-4DE0-83AE-04873CD2F364} = {72397ADB-40A8-4B8E-8E08-2DBE2803C845}
		{FBB3270F-1924-4A72-845E-A6DF39C402F6} = {6998CAA1-11D4-46B2-B80F-0AC882F58124}
		{92644F6F-5946-48FC-A21A-A3D6EE24E8B3} = {C564DDD6-DE79-45CD-88EA-3F690481572A}
		{E8AD265B-3C67-4640-AC58-A522F9FB3361} = {09C264E9-E3F3-4586-9151-DCBB1F6DA7AB}
		{C564DDD6-DE79-45CD-88EA-3F690481572A} = {09C264E9-E3F3-4586-9151-DCBB1F6DA7AB}
		{50C758FE-4E10-409A-94F5-A75480960864} = {459BF674-83CB-46F6-881F-A2D2117DBF4D}
		{F7F2B379-52CE-4802-9EC9-0D7967B6BFB7} = {1614D1A4-5C3D-4D5B-8C89-426E37A564EF}
		{F2A419ED-B18E-4075-9969-536C2EC67F82} = {50C758FE-4E10-409A-94F5-A75480960864}
		{F9AEE4C0-9E67-4B87-932E-26EDF0FC932A} = {50C758FE-4E10-409A-94F5-A75480960864}
		{4515DAA4-9801-401D-A7A0-38D019B3B19F} = {1614D1A4-5C3D-4D5B-8C89-426E37A564EF}
		{F50F837B-2358-4A3F-8891-0E93BC9D2335} = {2BC04A1C-A77D-470F-8AA6-1B232EECB6CC}
		{BB95C5B8-9003-4AA6-B856-CB40DCBD7B35} = {67B14191-F43F-4B09-B6D6-5F2E707A1345}
		{C85AB002-DC6D-455F-9C04-1F286D38FFD0} = {859C9263-88C7-4BC8-BAE1-8DFB05911437}
		{BC6051C3-4779-48EC-868A-D8F3C5B11E21} = {5BD82E36-9D92-441E-9574-8DBDE9317AE8}
		{0B10E8E9-9A7F-4DD2-889D-0618CCD404D5} = {123AA89E-1638-4E0E-B828-B8F9F9F906A2}
		{2BC04A1C-A77D-470F-8AA6-1B232EECB6CC} = {0B10E8E9-9A7F-4DD2-889D-0618CCD404D5}
		{F339C269-B7E2-4D97-9F55-56FED058FDBE} = {0B10E8E9-9A7F-4DD2-889D-0618CCD404D5}
		{67B14191-F43F-4B09-B6D6-5F2E707A1345} = {123AA89E-1638-4E0E-B828-B8F9F9F906A2}
		{902A0EB9-ED4E-4099-8D2C-92D5C171BA68} = {123AA89E-1638-4E0E-B828-B8F9F9F906A2}
		{2DBC4528-61CB-41C4-900C-6CC1F61929D0} = {459BF674-83CB-46F6-881F-A2D2117DBF4D}
		{859C9263-88C7-4BC8-BAE1-8DFB05911437} = {2DBC4528-61CB-41C4-900C-6CC1F61929D0}
		{5BD82E36-9D92-441E-9574-8DBDE9317AE8} = {2DBC4528-61CB-41C4-900C-6CC1F61929D0}
		{08BF7B84-6B86-42F1-ADB1-8130DAF939AF} = {902A0EB9-ED4E-4099-8D2C-92D5C171BA68}
		{A4C57790-71D1-467C-A69E-2BD84CB6666C} = {F339C269-B7E2-4D97-9F55-56FED058FDBE}
		{DFA1F15F-AC89-472C-97FD-58D3B656996B} = {2BC04A1C-A77D-470F-8AA6-1B232EECB6CC}
		{AE2513CB-4E5E-4E5C-8237-88954D4C9433} = {2BC04A1C-A77D-470F-8AA6-1B232EECB6CC}
	EndGlobalSection
	GlobalSection(ExtensibilityGlobals) = postSolution
		SolutionGuid = {0B8ABEAD-D2B5-4370-A187-62B5ABE4EE50}
	EndGlobalSection
EndGlobal
